
Microsoft Visual Studio Solution File, Format Version 12.00
# Visual Studio Version 17
VisualStudioVersion = 17.0.31903.59
MinimumVisualStudioVersion = 10.0.40219.1
Project("{2150E333-8FDC-42A3-9474-1A3956D46DE8}") = "Adapter", "Adapter", "{02E255E5-79A0-43FD-B572-109ACC88A396}"
EndProject
Project("{2150E333-8FDC-42A3-9474-1A3956D46DE8}") = "RestfulAPI", "RestfulAPI", "{61A4A172-8DD7-48CC-B04A-8683FFF766F4}"
EndProject
Project("{FAE04EC0-301F-11D3-BF4B-00C04F79EFBC}") = "Adapter.RestfulAPI.Src", "Adapter\RestfulAPI\Adapter.RestfulAPI.Src\Adapter.RestfulAPI.Src.csproj", "{B69E91D2-987D-4018-8251-F60123AC5425}"
EndProject
Project("{2150E333-8FDC-42A3-9474-1A3956D46DE8}") = "Application", "Application", "{A4E635A9-72F4-4587-890C-D3F0E5F3E4FC}"
EndProject
Project("{2150E333-8FDC-42A3-9474-1A3956D46DE8}") = "Domain", "Domain", "{C41F5FD1-E791-4CAE-B07D-93005AE7538A}"
EndProject
Project("{FAE04EC0-301F-11D3-BF4B-00C04F79EFBC}") = "Application.Domain.Core", "Application\Application.Domain.Core\Application.Domain.Core.csproj", "{D89B5946-CB6D-4FD6-ABC7-3DD0C54F0F7E}"
EndProject
Project("{2150E333-8FDC-42A3-9474-1A3956D46DE8}") = "Ports", "Ports", "{5549909E-E14F-43C1-8312-73D10A730AFE}"
EndProject
Project("{FAE04EC0-301F-11D3-BF4B-00C04F79EFBC}") = "Application.Ports.In", "Application\Application.Ports.In\Application.Ports.In.csproj", "{A492B33B-55D1-4159-89D8-40499AD8B410}"
EndProject
Project("{FAE04EC0-301F-11D3-BF4B-00C04F79EFBC}") = "Application.Ports.Out", "Application\Application.Ports.Out\Application.Ports.Out.csproj", "{D70096FB-174F-4AB3-9F29-7D174194BE64}"
EndProject
Project("{2150E333-8FDC-42A3-9474-1A3956D46DE8}") = "Services", "Services", "{35A9CF6E-AA0E-4D49-BCE5-B9B8D6BAFF30}"
EndProject
Project("{FAE04EC0-301F-11D3-BF4B-00C04F79EFBC}") = "Application.Services", "Application\Application.Services\Application.Services.csproj", "{5154FC43-7D93-428B-BC0C-6B1992EE20C3}"
EndProject
Project("{2150E333-8FDC-42A3-9474-1A3956D46DE8}") = "Database", "Database", "{7BA4522F-69D5-411B-8A9C-7523FA929C0B}"
EndProject
Project("{FAE04EC0-301F-11D3-BF4B-00C04F79EFBC}") = "Adapter.Database.Postgres", "Adapter\Database\Adapter.Database.Postgres\Adapter.Database.Postgres.csproj", "{3F8C2D45-F925-40B1-A4ED-671907AE970C}"
EndProject
Project("{FAE04EC0-301F-11D3-BF4B-00C04F79EFBC}") = "Adapter.CLI.Migration", "Adapter\Adapter.CLI.Migration\Adapter.CLI.Migration.csproj", "{307D84FA-18C9-41B8-BFA0-8072F2C56F89}"
EndProject
Global
	GlobalSection(SolutionConfigurationPlatforms) = preSolution
		Debug|Any CPU = Debug|Any CPU
		Release|Any CPU = Release|Any CPU
	EndGlobalSection
	GlobalSection(SolutionProperties) = preSolution
		HideSolutionNode = FALSE
	EndGlobalSection
	GlobalSection(ProjectConfigurationPlatforms) = postSolution
		{B69E91D2-987D-4018-8251-F60123AC5425}.Debug|Any CPU.ActiveCfg = Debug|Any CPU
		{B69E91D2-987D-4018-8251-F60123AC5425}.Debug|Any CPU.Build.0 = Debug|Any CPU
		{B69E91D2-987D-4018-8251-F60123AC5425}.Release|Any CPU.ActiveCfg = Release|Any CPU
		{B69E91D2-987D-4018-8251-F60123AC5425}.Release|Any CPU.Build.0 = Release|Any CPU
		{D89B5946-CB6D-4FD6-ABC7-3DD0C54F0F7E}.Debug|Any CPU.ActiveCfg = Debug|Any CPU
		{D89B5946-CB6D-4FD6-ABC7-3DD0C54F0F7E}.Debug|Any CPU.Build.0 = Debug|Any CPU
		{D89B5946-CB6D-4FD6-ABC7-3DD0C54F0F7E}.Release|Any CPU.ActiveCfg = Release|Any CPU
		{D89B5946-CB6D-4FD6-ABC7-3DD0C54F0F7E}.Release|Any CPU.Build.0 = Release|Any CPU
		{A492B33B-55D1-4159-89D8-40499AD8B410}.Debug|Any CPU.ActiveCfg = Debug|Any CPU
		{A492B33B-55D1-4159-89D8-40499AD8B410}.Debug|Any CPU.Build.0 = Debug|Any CPU
		{A492B33B-55D1-4159-89D8-40499AD8B410}.Release|Any CPU.ActiveCfg = Release|Any CPU
		{A492B33B-55D1-4159-89D8-40499AD8B410}.Release|Any CPU.Build.0 = Release|Any CPU
		{D70096FB-174F-4AB3-9F29-7D174194BE64}.Debug|Any CPU.ActiveCfg = Debug|Any CPU
		{D70096FB-174F-4AB3-9F29-7D174194BE64}.Debug|Any CPU.Build.0 = Debug|Any CPU
		{D70096FB-174F-4AB3-9F29-7D174194BE64}.Release|Any CPU.ActiveCfg = Release|Any CPU
		{D70096FB-174F-4AB3-9F29-7D174194BE64}.Release|Any CPU.Build.0 = Release|Any CPU
		{5154FC43-7D93-428B-BC0C-6B1992EE20C3}.Debug|Any CPU.ActiveCfg = Debug|Any CPU
		{5154FC43-7D93-428B-BC0C-6B1992EE20C3}.Debug|Any CPU.Build.0 = Debug|Any CPU
		{5154FC43-7D93-428B-BC0C-6B1992EE20C3}.Release|Any CPU.ActiveCfg = Release|Any CPU
		{5154FC43-7D93-428B-BC0C-6B1992EE20C3}.Release|Any CPU.Build.0 = Release|Any CPU
		{3F8C2D45-F925-40B1-A4ED-671907AE970C}.Debug|Any CPU.ActiveCfg = Debug|Any CPU
		{3F8C2D45-F925-40B1-A4ED-671907AE970C}.Debug|Any CPU.Build.0 = Debug|Any CPU
		{3F8C2D45-F925-40B1-A4ED-671907AE970C}.Release|Any CPU.ActiveCfg = Release|Any CPU
		{3F8C2D45-F925-40B1-A4ED-671907AE970C}.Release|Any CPU.Build.0 = Release|Any CPU
		{307D84FA-18C9-41B8-BFA0-8072F2C56F89}.Debug|Any CPU.ActiveCfg = Debug|Any CPU
		{307D84FA-18C9-41B8-BFA0-8072F2C56F89}.Debug|Any CPU.Build.0 = Debug|Any CPU
		{307D84FA-18C9-41B8-BFA0-8072F2C56F89}.Release|Any CPU.ActiveCfg = Release|Any CPU
		{307D84FA-18C9-41B8-BFA0-8072F2C56F89}.Release|Any CPU.Build.0 = Release|Any CPU
	EndGlobalSection
	GlobalSection(NestedProjects) = preSolution
		{61A4A172-8DD7-48CC-B04A-8683FFF766F4} = {02E255E5-79A0-43FD-B572-109ACC88A396}
		{B69E91D2-987D-4018-8251-F60123AC5425} = {61A4A172-8DD7-48CC-B04A-8683FFF766F4}
		{C41F5FD1-E791-4CAE-B07D-93005AE7538A} = {A4E635A9-72F4-4587-890C-D3F0E5F3E4FC}
		{D89B5946-CB6D-4FD6-ABC7-3DD0C54F0F7E} = {C41F5FD1-E791-4CAE-B07D-93005AE7538A}
		{5549909E-E14F-43C1-8312-73D10A730AFE} = {A4E635A9-72F4-4587-890C-D3F0E5F3E4FC}
		{A492B33B-55D1-4159-89D8-40499AD8B410} = {5549909E-E14F-43C1-8312-73D10A730AFE}
		{D70096FB-174F-4AB3-9F29-7D174194BE64} = {5549909E-E14F-43C1-8312-73D10A730AFE}
		{35A9CF6E-AA0E-4D49-BCE5-B9B8D6BAFF30} = {A4E635A9-72F4-4587-890C-D3F0E5F3E4FC}
		{5154FC43-7D93-428B-BC0C-6B1992EE20C3} = {35A9CF6E-AA0E-4D49-BCE5-B9B8D6BAFF30}
		{7BA4522F-69D5-411B-8A9C-7523FA929C0B} = {02E255E5-79A0-43FD-B572-109ACC88A396}
		{3F8C2D45-F925-40B1-A4ED-671907AE970C} = {7BA4522F-69D5-411B-8A9C-7523FA929C0B}
		{307D84FA-18C9-41B8-BFA0-8072F2C56F89} = {02E255E5-79A0-43FD-B572-109ACC88A396}
	EndGlobalSection
EndGlobal
